
Microsoft Visual Studio Solution File, Format Version 12.00
# Visual Studio Version 16
VisualStudioVersion = 16.0.29728.190
MinimumVisualStudioVersion = 10.0.40219.1
Project("{FAE04EC0-301F-11D3-BF4B-00C04F79EFBC}") = "ShoppingList1", "ShoppingList1\ShoppingList1.csproj", "{169B56BF-F29C-46A9-BF89-3608CE2EAF88}"
EndProject
Global
	GlobalSection(SolutionConfigurationPlatforms) = preSolution
		Debug|Any CPU = Debug|Any CPU
		Release|Any CPU = Release|Any CPU
	EndGlobalSection
	GlobalSection(ProjectConfigurationPlatforms) = postSolution
		{169B56BF-F29C-46A9-BF89-3608CE2EAF88}.Debug|Any CPU.ActiveCfg = Debug|Any CPU
		{169B56BF-F29C-46A9-BF89-3608CE2EAF88}.Debug|Any CPU.Build.0 = Debug|Any CPU
		{169B56BF-F29C-46A9-BF89-3608CE2EAF88}.Release|Any CPU.ActiveCfg = Release|Any CPU
		{169B56BF-F29C-46A9-BF89-3608CE2EAF88}.Release|Any CPU.Build.0 = Release|Any CPU
	EndGlobalSection
	GlobalSection(SolutionProperties) = preSolution
		HideSolutionNode = FALSE
	EndGlobalSection
	GlobalSection(ExtensibilityGlobals) = postSolution
		SolutionGuid = {EE0DB364-1FE7-4712-B7B0-04BD9D96851A}
	EndGlobalSection
EndGlobal
